
Microsoft Visual Studio Solution File, Format Version 12.00
# Visual Studio Version 17
VisualStudioVersion = 17.0.31919.166
MinimumVisualStudioVersion = 10.0.40219.1
Project("{9A19103F-16F7-4668-BE54-9A1E7A4F7556}") = "Havan.Desafio.WebApi", "Havan.Desafio.WebApi\Havan.Desafio.WebApi.csproj", "{1BAC1CBA-C75C-49A1-950E-F0CB097B5DCD}"
EndProject
Project("{9A19103F-16F7-4668-BE54-9A1E7A4F7556}") = "Havan.Desafio.DataAccess", "Havan.Desafio.DataAccess\Havan.Desafio.DataAccess.csproj", "{597A83C9-E76C-436C-99D8-CA529CAC51B7}"
EndProject
Project("{9A19103F-16F7-4668-BE54-9A1E7A4F7556}") = "Havan.Desafio.Model", "Havan.Desafio.Model\Havan.Desafio.Model.csproj", "{9E4E58FC-E41B-443B-8C65-CAC7AC57FF13}"
EndProject
Global
	GlobalSection(SolutionConfigurationPlatforms) = preSolution
		Debug|Any CPU = Debug|Any CPU
		Release|Any CPU = Release|Any CPU
	EndGlobalSection
	GlobalSection(ProjectConfigurationPlatforms) = postSolution
		{1BAC1CBA-C75C-49A1-950E-F0CB097B5DCD}.Debug|Any CPU.ActiveCfg = Debug|Any CPU
		{1BAC1CBA-C75C-49A1-950E-F0CB097B5DCD}.Debug|Any CPU.Build.0 = Debug|Any CPU
		{1BAC1CBA-C75C-49A1-950E-F0CB097B5DCD}.Release|Any CPU.ActiveCfg = Release|Any CPU
		{1BAC1CBA-C75C-49A1-950E-F0CB097B5DCD}.Release|Any CPU.Build.0 = Release|Any CPU
		{597A83C9-E76C-436C-99D8-CA529CAC51B7}.Debug|Any CPU.ActiveCfg = Debug|Any CPU
		{597A83C9-E76C-436C-99D8-CA529CAC51B7}.Debug|Any CPU.Build.0 = Debug|Any CPU
		{597A83C9-E76C-436C-99D8-CA529CAC51B7}.Release|Any CPU.ActiveCfg = Release|Any CPU
		{597A83C9-E76C-436C-99D8-CA529CAC51B7}.Release|Any CPU.Build.0 = Release|Any CPU
		{9E4E58FC-E41B-443B-8C65-CAC7AC57FF13}.Debug|Any CPU.ActiveCfg = Debug|Any CPU
		{9E4E58FC-E41B-443B-8C65-CAC7AC57FF13}.Debug|Any CPU.Build.0 = Debug|Any CPU
		{9E4E58FC-E41B-443B-8C65-CAC7AC57FF13}.Release|Any CPU.ActiveCfg = Release|Any CPU
		{9E4E58FC-E41B-443B-8C65-CAC7AC57FF13}.Release|Any CPU.Build.0 = Release|Any CPU
	EndGlobalSection
	GlobalSection(SolutionProperties) = preSolution
		HideSolutionNode = FALSE
	EndGlobalSection
	GlobalSection(ExtensibilityGlobals) = postSolution
		SolutionGuid = {FA576184-4804-4ABA-95A6-C42AA3182665}
	EndGlobalSection
EndGlobal
